
Microsoft Visual Studio Solution File, Format Version 12.00
# Visual Studio Version 17
VisualStudioVersion = 17.4.33103.184
MinimumVisualStudioVersion = 10.0.40219.1
Project("{FAE04EC0-301F-11D3-BF4B-00C04F79EFBC}") = "weather", "weather\weather.csproj", "{84C8327E-511F-473C-BB7C-5C340924A0B7}"
EndProject
Global
	GlobalSection(SolutionConfigurationPlatforms) = preSolution
		Debug|Any CPU = Debug|Any CPU
		Release|Any CPU = Release|Any CPU
	EndGlobalSection
	GlobalSection(ProjectConfigurationPlatforms) = postSolution
		{84C8327E-511F-473C-BB7C-5C340924A0B7}.Debug|Any CPU.ActiveCfg = Debug|Any CPU
		{84C8327E-511F-473C-BB7C-5C340924A0B7}.Debug|Any CPU.Build.0 = Debug|Any CPU
		{84C8327E-511F-473C-BB7C-5C340924A0B7}.Release|Any CPU.ActiveCfg = Release|Any CPU
		{84C8327E-511F-473C-BB7C-5C340924A0B7}.Release|Any CPU.Build.0 = Release|Any CPU
	EndGlobalSection
	GlobalSection(SolutionProperties) = preSolution
		HideSolutionNode = FALSE
	EndGlobalSection
	GlobalSection(ExtensibilityGlobals) = postSolution
		SolutionGuid = {D339138C-00A4-42A9-B19D-6A7212784B54}
	EndGlobalSection
EndGlobal
